
Microsoft Visual Studio Solution File, Format Version 12.00
# Visual Studio Version 17
VisualStudioVersion = 17.13.35825.156 d17.13
MinimumVisualStudioVersion = 10.0.40219.1
Project("{FAE04EC0-301F-11D3-BF4B-00C04F79EFBC}") = "Juja", "Juja\Juja.csproj", "{8B0BED23-59EA-4A7E-8661-AEC691372CFA}"
EndProject
Global
	GlobalSection(SolutionConfigurationPlatforms) = preSolution
		Debug|Any CPU = Debug|Any CPU
		Release|Any CPU = Release|Any CPU
	EndGlobalSection
	GlobalSection(ProjectConfigurationPlatforms) = postSolution
		{8B0BED23-59EA-4A7E-8661-AEC691372CFA}.Debug|Any CPU.ActiveCfg = Debug|Any CPU
		{8B0BED23-59EA-4A7E-8661-AEC691372CFA}.Debug|Any CPU.Build.0 = Debug|Any CPU
		{8B0BED23-59EA-4A7E-8661-AEC691372CFA}.Release|Any CPU.ActiveCfg = Release|Any CPU
		{8B0BED23-59EA-4A7E-8661-AEC691372CFA}.Release|Any CPU.Build.0 = Release|Any CPU
	EndGlobalSection
	GlobalSection(SolutionProperties) = preSolution
		HideSolutionNode = FALSE
	EndGlobalSection
	GlobalSection(ExtensibilityGlobals) = postSolution
		SolutionGuid = {5F0D299A-A82B-4F31-ACF1-26472F30B406}
	EndGlobalSection
EndGlobal
